// !$*UTF8*$!
{
	archiveVersion = 1;
	classes = {
	};
	objectVersion = 56;
	objects = {

/* Begin PBXBuildFile section */
		E64A946F2C65E22F00CB3718 /* WeatherTaskApp.swift in Sources */ = {isa = PBXBuildFile; fileRef = E64A946E2C65E22F00CB3718 /* WeatherTaskApp.swift */; };
		E64A94712C65E22F00CB3718 /* ContentView.swift in Sources */ = {isa = PBXBuildFile; fileRef = E64A94702C65E22F00CB3718 /* ContentView.swift */; };
		E64A94732C65E23000CB3718 /* Assets.xcassets in Resources */ = {isa = PBXBuildFile; fileRef = E64A94722C65E23000CB3718 /* Assets.xcassets */; };
		E64A94772C65E23000CB3718 /* Preview Assets.xcassets in Resources */ = {isa = PBXBuildFile; fileRef = E64A94762C65E23000CB3718 /* Preview Assets.xcassets */; };
		E64A94812C65E23000CB3718 /* WeatherTaskTests.swift in Sources */ = {isa = PBXBuildFile; fileRef = E64A94802C65E23000CB3718 /* WeatherTaskTests.swift */; };
		E64A948B2C65E23000CB3718 /* WeatherTaskUITests.swift in Sources */ = {isa = PBXBuildFile; fileRef = E64A948A2C65E23000CB3718 /* WeatherTaskUITests.swift */; };
		E64A948D2C65E23000CB3718 /* WeatherTaskUITestsLaunchTests.swift in Sources */ = {isa = PBXBuildFile; fileRef = E64A948C2C65E23000CB3718 /* WeatherTaskUITestsLaunchTests.swift */; };
		E64A949E2C662A9D00CB3718 /* DataStructures.swift in Sources */ = {isa = PBXBuildFile; fileRef = E64A949D2C662A9D00CB3718 /* DataStructures.swift */; };
		E64A94A02C662AD000CB3718 /* WeatherListView.swift in Sources */ = {isa = PBXBuildFile; fileRef = E64A949F2C662AD000CB3718 /* WeatherListView.swift */; };
		E64A94A22C662E3200CB3718 /* Enums.swift in Sources */ = {isa = PBXBuildFile; fileRef = E64A94A12C662E3200CB3718 /* Enums.swift */; };
/* End PBXBuildFile section */

/* Begin PBXContainerItemProxy section */
		E64A947D2C65E23000CB3718 /* PBXContainerItemProxy */ = {
			isa = PBXContainerItemProxy;
			containerPortal = E64A94632C65E22E00CB3718 /* Project object */;
			proxyType = 1;
			remoteGlobalIDString = E64A946A2C65E22F00CB3718;
			remoteInfo = WeatherTask;
		};
		E64A94872C65E23000CB3718 /* PBXContainerItemProxy */ = {
			isa = PBXContainerItemProxy;
			containerPortal = E64A94632C65E22E00CB3718 /* Project object */;
			proxyType = 1;
			remoteGlobalIDString = E64A946A2C65E22F00CB3718;
			remoteInfo = WeatherTask;
		};
/* End PBXContainerItemProxy section */

/* Begin PBXFileReference section */
		E64A946B2C65E22F00CB3718 /* WeatherTask.app */ = {isa = PBXFileReference; explicitFileType = wrapper.application; includeInIndex = 0; path = WeatherTask.app; sourceTree = BUILT_PRODUCTS_DIR; };
		E64A946E2C65E22F00CB3718 /* WeatherTaskApp.swift */ = {isa = PBXFileReference; lastKnownFileType = sourcecode.swift; path = WeatherTaskApp.swift; sourceTree = "<group>"; };
		E64A94702C65E22F00CB3718 /* ContentView.swift */ = {isa = PBXFileReference; lastKnownFileType = sourcecode.swift; path = ContentView.swift; sourceTree = "<group>"; };
		E64A94722C65E23000CB3718 /* Assets.xcassets */ = {isa = PBXFileReference; lastKnownFileType = folder.assetcatalog; path = Assets.xcassets; sourceTree = "<group>"; };
		E64A94742C65E23000CB3718 /* WeatherTask.entitlements */ = {isa = PBXFileReference; lastKnownFileType = text.plist.entitlements; path = WeatherTask.entitlements; sourceTree = "<group>"; };
		E64A94762C65E23000CB3718 /* Preview Assets.xcassets */ = {isa = PBXFileReference; lastKnownFileType = folder.assetcatalog; path = "Preview Assets.xcassets"; sourceTree = "<group>"; };
		E64A947C2C65E23000CB3718 /* WeatherTaskTests.xctest */ = {isa = PBXFileReference; explicitFileType = wrapper.cfbundle; includeInIndex = 0; path = WeatherTaskTests.xctest; sourceTree = BUILT_PRODUCTS_DIR; };
		E64A94802C65E23000CB3718 /* WeatherTaskTests.swift */ = {isa = PBXFileReference; lastKnownFileType = sourcecode.swift; path = WeatherTaskTests.swift; sourceTree = "<group>"; };
		E64A94862C65E23000CB3718 /* WeatherTaskUITests.xctest */ = {isa = PBXFileReference; explicitFileType = wrapper.cfbundle; includeInIndex = 0; path = WeatherTaskUITests.xctest; sourceTree = BUILT_PRODUCTS_DIR; };
		E64A948A2C65E23000CB3718 /* WeatherTaskUITests.swift */ = {isa = PBXFileReference; lastKnownFileType = sourcecode.swift; path = WeatherTaskUITests.swift; sourceTree = "<group>"; };
		E64A948C2C65E23000CB3718 /* WeatherTaskUITestsLaunchTests.swift */ = {isa = PBXFileReference; lastKnownFileType = sourcecode.swift; path = WeatherTaskUITestsLaunchTests.swift; sourceTree = "<group>"; };
		E64A949D2C662A9D00CB3718 /* DataStructures.swift */ = {isa = PBXFileReference; lastKnownFileType = sourcecode.swift; path = DataStructures.swift; sourceTree = "<group>"; };
		E64A949F2C662AD000CB3718 /* WeatherListView.swift */ = {isa = PBXFileReference; lastKnownFileType = sourcecode.swift; path = WeatherListView.swift; sourceTree = "<group>"; };
		E64A94A12C662E3200CB3718 /* Enums.swift */ = {isa = PBXFileReference; lastKnownFileType = sourcecode.swift; path = Enums.swift; sourceTree = "<group>"; };
/* End PBXFileReference section */

/* Begin PBXFrameworksBuildPhase section */
		E64A94682C65E22F00CB3718 /* Frameworks */ = {
			isa = PBXFrameworksBuildPhase;
			buildActionMask = 2147483647;
			files = (
			);
			runOnlyForDeploymentPostprocessing = 0;
		};
		E64A94792C65E23000CB3718 /* Frameworks */ = {
			isa = PBXFrameworksBuildPhase;
			buildActionMask = 2147483647;
			files = (
			);
			runOnlyForDeploymentPostprocessing = 0;
		};
		E64A94832C65E23000CB3718 /* Frameworks */ = {
			isa = PBXFrameworksBuildPhase;
			buildActionMask = 2147483647;
			files = (
			);
			runOnlyForDeploymentPostprocessing = 0;
		};
/* End PBXFrameworksBuildPhase section */

/* Begin PBXGroup section */
		E64A94622C65E22E00CB3718 = {
			isa = PBXGroup;
			children = (
				E64A946D2C65E22F00CB3718 /* WeatherTask */,
				E64A947F2C65E23000CB3718 /* WeatherTaskTests */,
				E64A94892C65E23000CB3718 /* WeatherTaskUITests */,
				E64A946C2C65E22F00CB3718 /* Products */,
			);
			sourceTree = "<group>";
		};
		E64A946C2C65E22F00CB3718 /* Products */ = {
			isa = PBXGroup;
			children = (
				E64A946B2C65E22F00CB3718 /* WeatherTask.app */,
				E64A947C2C65E23000CB3718 /* WeatherTaskTests.xctest */,
				E64A94862C65E23000CB3718 /* WeatherTaskUITests.xctest */,
			);
			name = Products;
			sourceTree = "<group>";
		};
		E64A946D2C65E22F00CB3718 /* WeatherTask */ = {
			isa = PBXGroup;
			children = (
				E64A946E2C65E22F00CB3718 /* WeatherTaskApp.swift */,
				E64A94702C65E22F00CB3718 /* ContentView.swift */,
				E64A949F2C662AD000CB3718 /* WeatherListView.swift */,
				E64A949D2C662A9D00CB3718 /* DataStructures.swift */,
				E64A94A12C662E3200CB3718 /* Enums.swift */,
				E64A94722C65E23000CB3718 /* Assets.xcassets */,
				E64A94742C65E23000CB3718 /* WeatherTask.entitlements */,
				E64A94752C65E23000CB3718 /* Preview Content */,
			);
			path = WeatherTask;
			sourceTree = "<group>";
		};
		E64A94752C65E23000CB3718 /* Preview Content */ = {
			isa = PBXGroup;
			children = (
				E64A94762C65E23000CB3718 /* Preview Assets.xcassets */,
			);
			path = "Preview Content";
			sourceTree = "<group>";
		};
		E64A947F2C65E23000CB3718 /* WeatherTaskTests */ = {
			isa = PBXGroup;
			children = (
				E64A94802C65E23000CB3718 /* WeatherTaskTests.swift */,
			);
			path = WeatherTaskTests;
			sourceTree = "<group>";
		};
		E64A94892C65E23000CB3718 /* WeatherTaskUITests */ = {
			isa = PBXGroup;
			children = (
				E64A948A2C65E23000CB3718 /* WeatherTaskUITests.swift */,
				E64A948C2C65E23000CB3718 /* WeatherTaskUITestsLaunchTests.swift */,
			);
			path = WeatherTaskUITests;
			sourceTree = "<group>";
		};
/* End PBXGroup section */

/* Begin PBXNativeTarget section */
		E64A946A2C65E22F00CB3718 /* WeatherTask */ = {
			isa = PBXNativeTarget;
			buildConfigurationList = E64A94902C65E23000CB3718 /* Build configuration list for PBXNativeTarget "WeatherTask" */;
			buildPhases = (
				E64A94672C65E22F00CB3718 /* Sources */,
				E64A94682C65E22F00CB3718 /* Frameworks */,
				E64A94692C65E22F00CB3718 /* Resources */,
			);
			buildRules = (
			);
			dependencies = (
			);
			name = WeatherTask;
			productName = WeatherTask;
			productReference = E64A946B2C65E22F00CB3718 /* WeatherTask.app */;
			productType = "com.apple.product-type.application";
		};
		E64A947B2C65E23000CB3718 /* WeatherTaskTests */ = {
			isa = PBXNativeTarget;
			buildConfigurationList = E64A94932C65E23000CB3718 /* Build configuration list for PBXNativeTarget "WeatherTaskTests" */;
			buildPhases = (
				E64A94782C65E23000CB3718 /* Sources */,
				E64A94792C65E23000CB3718 /* Frameworks */,
				E64A947A2C65E23000CB3718 /* Resources */,
			);
			buildRules = (
			);
			dependencies = (
				E64A947E2C65E23000CB3718 /* PBXTargetDependency */,
			);
			name = WeatherTaskTests;
			productName = WeatherTaskTests;
			productReference = E64A947C2C65E23000CB3718 /* WeatherTaskTests.xctest */;
			productType = "com.apple.product-type.bundle.unit-test";
		};
		E64A94852C65E23000CB3718 /* WeatherTaskUITests */ = {
			isa = PBXNativeTarget;
			buildConfigurationList = E64A94962C65E23000CB3718 /* Build configuration list for PBXNativeTarget "WeatherTaskUITests" */;
			buildPhases = (
				E64A94822C65E23000CB3718 /* Sources */,
				E64A94832C65E23000CB3718 /* Frameworks */,
				E64A94842C65E23000CB3718 /* Resources */,
			);
			buildRules = (
			);
			dependencies = (
				E64A94882C65E23000CB3718 /* PBXTargetDependency */,
			);
			name = WeatherTaskUITests;
			productName = WeatherTaskUITests;
			productReference = E64A94862C65E23000CB3718 /* WeatherTaskUITests.xctest */;
			productType = "com.apple.product-type.bundle.ui-testing";
		};
/* End PBXNativeTarget section */

/* Begin PBXProject section */
		E64A94632C65E22E00CB3718 /* Project object */ = {
			isa = PBXProject;
			attributes = {
				BuildIndependentTargetsInParallel = 1;
				LastSwiftUpdateCheck = 1540;
				LastUpgradeCheck = 1540;
				TargetAttributes = {
					E64A946A2C65E22F00CB3718 = {
						CreatedOnToolsVersion = 15.4;
					};
					E64A947B2C65E23000CB3718 = {
						CreatedOnToolsVersion = 15.4;
						TestTargetID = E64A946A2C65E22F00CB3718;
					};
					E64A94852C65E23000CB3718 = {
						CreatedOnToolsVersion = 15.4;
						TestTargetID = E64A946A2C65E22F00CB3718;
					};
				};
			};
			buildConfigurationList = E64A94662C65E22E00CB3718 /* Build configuration list for PBXProject "WeatherTask" */;
			compatibilityVersion = "Xcode 14.0";
			developmentRegion = en;
			hasScannedForEncodings = 0;
			knownRegions = (
				en,
				Base,
			);
			mainGroup = E64A94622C65E22E00CB3718;
			productRefGroup = E64A946C2C65E22F00CB3718 /* Products */;
			projectDirPath = "";
			projectRoot = "";
			targets = (
				E64A946A2C65E22F00CB3718 /* WeatherTask */,
				E64A947B2C65E23000CB3718 /* WeatherTaskTests */,
				E64A94852C65E23000CB3718 /* WeatherTaskUITests */,
			);
		};
/* End PBXProject section */

/* Begin PBXResourcesBuildPhase section */
		E64A94692C65E22F00CB3718 /* Resources */ = {
			isa = PBXResourcesBuildPhase;
			buildActionMask = 2147483647;
			files = (
				E64A94772C65E23000CB3718 /* Preview Assets.xcassets in Resources */,
				E64A94732C65E23000CB3718 /* Assets.xcassets in Resources */,
			);
			runOnlyForDeploymentPostprocessing = 0;
		};
		E64A947A2C65E23000CB3718 /* Resources */ = {
			isa = PBXResourcesBuildPhase;
			buildActionMask = 2147483647;
			files = (
			);
			runOnlyForDeploymentPostprocessing = 0;
		};
		E64A94842C65E23000CB3718 /* Resources */ = {
			isa = PBXResourcesBuildPhase;
			buildActionMask = 2147483647;
			files = (
			);
			runOnlyForDeploymentPostprocessing = 0;
		};
/* End PBXResourcesBuildPhase section */

/* Begin PBXSourcesBuildPhase section */
		E64A94672C65E22F00CB3718 /* Sources */ = {
			isa = PBXSourcesBuildPhase;
			buildActionMask = 2147483647;
			files = (
				E64A949E2C662A9D00CB3718 /* DataStructures.swift in Sources */,
				E64A94712C65E22F00CB3718 /* ContentView.swift in Sources */,
				E64A94A22C662E3200CB3718 /* Enums.swift in Sources */,
				E64A946F2C65E22F00CB3718 /* WeatherTaskApp.swift in Sources */,
				E64A94A02C662AD000CB3718 /* WeatherListView.swift in Sources */,
			);
			runOnlyForDeploymentPostprocessing = 0;
		};
		E64A94782C65E23000CB3718 /* Sources */ = {
			isa = PBXSourcesBuildPhase;
			buildActionMask = 2147483647;
			files = (
				E64A94812C65E23000CB3718 /* WeatherTaskTests.swift in Sources */,
			);
			runOnlyForDeploymentPostprocessing = 0;
		};
		E64A94822C65E23000CB3718 /* Sources */ = {
			isa = PBXSourcesBuildPhase;
			buildActionMask = 2147483647;
			files = (
				E64A948D2C65E23000CB3718 /* WeatherTaskUITestsLaunchTests.swift in Sources */,
				E64A948B2C65E23000CB3718 /* WeatherTaskUITests.swift in Sources */,
			);
			runOnlyForDeploymentPostprocessing = 0;
		};
/* End PBXSourcesBuildPhase section */

/* Begin PBXTargetDependency section */
		E64A947E2C65E23000CB3718 /* PBXTargetDependency */ = {
			isa = PBXTargetDependency;
			target = E64A946A2C65E22F00CB3718 /* WeatherTask */;
			targetProxy = E64A947D2C65E23000CB3718 /* PBXContainerItemProxy */;
		};
		E64A94882C65E23000CB3718 /* PBXTargetDependency */ = {
			isa = PBXTargetDependency;
			target = E64A946A2C65E22F00CB3718 /* WeatherTask */;
			targetProxy = E64A94872C65E23000CB3718 /* PBXContainerItemProxy */;
		};
/* End PBXTargetDependency section */

/* Begin XCBuildConfiguration section */
		E64A948E2C65E23000CB3718 /* Debug */ = {
			isa = XCBuildConfiguration;
			buildSettings = {
				ALWAYS_SEARCH_USER_PATHS = NO;
				ASSETCATALOG_COMPILER_GENERATE_SWIFT_ASSET_SYMBOL_EXTENSIONS = YES;
				CLANG_ANALYZER_NONNULL = YES;
				CLANG_ANALYZER_NUMBER_OBJECT_CONVERSION = YES_AGGRESSIVE;
				CLANG_CXX_LANGUAGE_STANDARD = "gnu++20";
				CLANG_ENABLE_MODULES = YES;
				CLANG_ENABLE_OBJC_ARC = YES;
				CLANG_ENABLE_OBJC_WEAK = YES;
				CLANG_WARN_BLOCK_CAPTURE_AUTORELEASING = YES;
				CLANG_WARN_BOOL_CONVERSION = YES;
				CLANG_WARN_COMMA = YES;
				CLANG_WARN_CONSTANT_CONVERSION = YES;
				CLANG_WARN_DEPRECATED_OBJC_IMPLEMENTATIONS = YES;
				CLANG_WARN_DIRECT_OBJC_ISA_USAGE = YES_ERROR;
				CLANG_WARN_DOCUMENTATION_COMMENTS = YES;
				CLANG_WARN_EMPTY_BODY = YES;
				CLANG_WARN_ENUM_CONVERSION = YES;
				CLANG_WARN_INFINITE_RECURSION = YES;
				CLANG_WARN_INT_CONVERSION = YES;
				CLANG_WARN_NON_LITERAL_NULL_CONVERSION = YES;
				CLANG_WARN_OBJC_IMPLICIT_RETAIN_SELF = YES;
				CLANG_WARN_OBJC_LITERAL_CONVERSION = YES;
				CLANG_WARN_OBJC_ROOT_CLASS = YES_ERROR;
				CLANG_WARN_QUOTED_INCLUDE_IN_FRAMEWORK_HEADER = YES;
				CLANG_WARN_RANGE_LOOP_ANALYSIS = YES;
				CLANG_WARN_STRICT_PROTOTYPES = YES;
				CLANG_WARN_SUSPICIOUS_MOVE = YES;
				CLANG_WARN_UNGUARDED_AVAILABILITY = YES_AGGRESSIVE;
				CLANG_WARN_UNREACHABLE_CODE = YES;
				CLANG_WARN__DUPLICATE_METHOD_MATCH = YES;
				COPY_PHASE_STRIP = NO;
				DEBUG_INFORMATION_FORMAT = dwarf;
				ENABLE_STRICT_OBJC_MSGSEND = YES;
				ENABLE_TESTABILITY = YES;
				ENABLE_USER_SCRIPT_SANDBOXING = YES;
				GCC_C_LANGUAGE_STANDARD = gnu17;
				GCC_DYNAMIC_NO_PIC = NO;
				GCC_NO_COMMON_BLOCKS = YES;
				GCC_OPTIMIZATION_LEVEL = 0;
				GCC_PREPROCESSOR_DEFINITIONS = (
					"DEBUG=1",
					"$(inherited)",
				);
				GCC_WARN_64_TO_32_BIT_CONVERSION = YES;
				GCC_WARN_ABOUT_RETURN_TYPE = YES_ERROR;
				GCC_WARN_UNDECLARED_SELECTOR = YES;
				GCC_WARN_UNINITIALIZED_AUTOS = YES_AGGRESSIVE;
				GCC_WARN_UNUSED_FUNCTION = YES;
				GCC_WARN_UNUSED_VARIABLE = YES;
				LOCALIZATION_PREFERS_STRING_CATALOGS = YES;
				MTL_ENABLE_DEBUG_INFO = INCLUDE_SOURCE;
				MTL_FAST_MATH = YES;
				ONLY_ACTIVE_ARCH = YES;
				SWIFT_ACTIVE_COMPILATION_CONDITIONS = "DEBUG $(inherited)";
				SWIFT_OPTIMIZATION_LEVEL = "-Onone";
			};
			name = Debug;
		};
		E64A948F2C65E23000CB3718 /* Release */ = {
			isa = XCBuildConfiguration;
			buildSettings = {
				ALWAYS_SEARCH_USER_PATHS = NO;
				ASSETCATALOG_COMPILER_GENERATE_SWIFT_ASSET_SYMBOL_EXTENSIONS = YES;
				CLANG_ANALYZER_NONNULL = YES;
				CLANG_ANALYZER_NUMBER_OBJECT_CONVERSION = YES_AGGRESSIVE;
				CLANG_CXX_LANGUAGE_STANDARD = "gnu++20";
				CLANG_ENABLE_MODULES = YES;
				CLANG_ENABLE_OBJC_ARC = YES;
				CLANG_ENABLE_OBJC_WEAK = YES;
				CLANG_WARN_BLOCK_CAPTURE_AUTORELEASING = YES;
				CLANG_WARN_BOOL_CONVERSION = YES;
				CLANG_WARN_COMMA = YES;
				CLANG_WARN_CONSTANT_CONVERSION = YES;
				CLANG_WARN_DEPRECATED_OBJC_IMPLEMENTATIONS = YES;
				CLANG_WARN_DIRECT_OBJC_ISA_USAGE = YES_ERROR;
				CLANG_WARN_DOCUMENTATION_COMMENTS = YES;
				CLANG_WARN_EMPTY_BODY = YES;
				CLANG_WARN_ENUM_CONVERSION = YES;
				CLANG_WARN_INFINITE_RECURSION = YES;
				CLANG_WARN_INT_CONVERSION = YES;
				CLANG_WARN_NON_LITERAL_NULL_CONVERSION = YES;
				CLANG_WARN_OBJC_IMPLICIT_RETAIN_SELF = YES;
				CLANG_WARN_OBJC_LITERAL_CONVERSION = YES;
				CLANG_WARN_OBJC_ROOT_CLASS = YES_ERROR;
				CLANG_WARN_QUOTED_INCLUDE_IN_FRAMEWORK_HEADER = YES;
				CLANG_WARN_RANGE_LOOP_ANALYSIS = YES;
				CLANG_WARN_STRICT_PROTOTYPES = YES;
				CLANG_WARN_SUSPICIOUS_MOVE = YES;
				CLANG_WARN_UNGUARDED_AVAILABILITY = YES_AGGRESSIVE;
				CLANG_WARN_UNREACHABLE_CODE = YES;
				CLANG_WARN__DUPLICATE_METHOD_MATCH = YES;
				COPY_PHASE_STRIP = NO;
				DEBUG_INFORMATION_FORMAT = "dwarf-with-dsym";
				ENABLE_NS_ASSERTIONS = NO;
				ENABLE_STRICT_OBJC_MSGSEND = YES;
				ENABLE_USER_SCRIPT_SANDBOXING = YES;
				GCC_C_LANGUAGE_STANDARD = gnu17;
				GCC_NO_COMMON_BLOCKS = YES;
				GCC_WARN_64_TO_32_BIT_CONVERSION = YES;
				GCC_WARN_ABOUT_RETURN_TYPE = YES_ERROR;
				GCC_WARN_UNDECLARED_SELECTOR = YES;
				GCC_WARN_UNINITIALIZED_AUTOS = YES_AGGRESSIVE;
				GCC_WARN_UNUSED_FUNCTION = YES;
				GCC_WARN_UNUSED_VARIABLE = YES;
				LOCALIZATION_PREFERS_STRING_CATALOGS = YES;
				MTL_ENABLE_DEBUG_INFO = NO;
				MTL_FAST_MATH = YES;
				SWIFT_COMPILATION_MODE = wholemodule;
			};
			name = Release;
		};
		E64A94912C65E23000CB3718 /* Debug */ = {
			isa = XCBuildConfiguration;
			buildSettings = {
				ASSETCATALOG_COMPILER_APPICON_NAME = AppIcon;
				ASSETCATALOG_COMPILER_GLOBAL_ACCENT_COLOR_NAME = AccentColor;
				CODE_SIGN_ENTITLEMENTS = WeatherTask/WeatherTask.entitlements;
				CODE_SIGN_STYLE = Automatic;
				CURRENT_PROJECT_VERSION = 1;
				DEVELOPMENT_ASSET_PATHS = "\"WeatherTask/Preview Content\"";
				DEVELOPMENT_TEAM = SC75G8SM9W;
				ENABLE_HARDENED_RUNTIME = YES;
				ENABLE_PREVIEWS = YES;
				GENERATE_INFOPLIST_FILE = YES;
				"INFOPLIST_KEY_UIApplicationSceneManifest_Generation[sdk=iphoneos*]" = YES;
				"INFOPLIST_KEY_UIApplicationSceneManifest_Generation[sdk=iphonesimulator*]" = YES;
				"INFOPLIST_KEY_UIApplicationSupportsIndirectInputEvents[sdk=iphoneos*]" = YES;
				"INFOPLIST_KEY_UIApplicationSupportsIndirectInputEvents[sdk=iphonesimulator*]" = YES;
				"INFOPLIST_KEY_UILaunchScreen_Generation[sdk=iphoneos*]" = YES;
				"INFOPLIST_KEY_UILaunchScreen_Generation[sdk=iphonesimulator*]" = YES;
				"INFOPLIST_KEY_UIStatusBarStyle[sdk=iphoneos*]" = UIStatusBarStyleDefault;
				"INFOPLIST_KEY_UIStatusBarStyle[sdk=iphonesimulator*]" = UIStatusBarStyleDefault;
				INFOPLIST_KEY_UISupportedInterfaceOrientations_iPad = "UIInterfaceOrientationPortrait UIInterfaceOrientationPortraitUpsideDown UIInterfaceOrientationLandscapeLeft UIInterfaceOrientationLandscapeRight";
				INFOPLIST_KEY_UISupportedInterfaceOrientations_iPhone = "UIInterfaceOrientationPortrait UIInterfaceOrientationLandscapeLeft UIInterfaceOrientationLandscapeRight";
				IPHONEOS_DEPLOYMENT_TARGET = 17.5;
				LD_RUNPATH_SEARCH_PATHS = "@executable_path/Frameworks";
				"LD_RUNPATH_SEARCH_PATHS[sdk=macosx*]" = "@executable_path/../Frameworks";
				MACOSX_DEPLOYMENT_TARGET = 14.4;
				MARKETING_VERSION = 1.0;
				PRODUCT_BUNDLE_IDENTIFIER = DimitarKolev.WeatherTask;
				PRODUCT_NAME = "$(TARGET_NAME)";
				SDKROOT = auto;
				SUPPORTED_PLATFORMS = "iphoneos iphonesimulator macosx";
				SWIFT_EMIT_LOC_STRINGS = YES;
				SWIFT_VERSION = 5.0;
				TARGETED_DEVICE_FAMILY = "1,2";
			};
			name = Debug;
		};
		E64A94922C65E23000CB3718 /* Release */ = {
			isa = XCBuildConfiguration;
			buildSettings = {
				ASSETCATALOG_COMPILER_APPICON_NAME = AppIcon;
				ASSETCATALOG_COMPILER_GLOBAL_ACCENT_COLOR_NAME = AccentColor;
				CODE_SIGN_ENTITLEMENTS = WeatherTask/WeatherTask.entitlements;
				CODE_SIGN_STYLE = Automatic;
				CURRENT_PROJECT_VERSION = 1;
				DEVELOPMENT_ASSET_PATHS = "\"WeatherTask/Preview Content\"";
				DEVELOPMENT_TEAM = SC75G8SM9W;
				ENABLE_HARDENED_RUNTIME = YES;
				ENABLE_PREVIEWS = YES;
				GENERATE_INFOPLIST_FILE = YES;
				"INFOPLIST_KEY_UIApplicationSceneManifest_Generation[sdk=iphoneos*]" = YES;
				"INFOPLIST_KEY_UIApplicationSceneManifest_Generation[sdk=iphonesimulator*]" = YES;
				"INFOPLIST_KEY_UIApplicationSupportsIndirectInputEvents[sdk=iphoneos*]" = YES;
				"INFOPLIST_KEY_UIApplicationSupportsIndirectInputEvents[sdk=iphonesimulator*]" = YES;
				"INFOPLIST_KEY_UILaunchScreen_Generation[sdk=iphoneos*]" = YES;
				"INFOPLIST_KEY_UILaunchScreen_Generation[sdk=iphonesimulator*]" = YES;
				"INFOPLIST_KEY_UIStatusBarStyle[sdk=iphoneos*]" = UIStatusBarStyleDefault;
				"INFOPLIST_KEY_UIStatusBarStyle[sdk=iphonesimulator*]" = UIStatusBarStyleDefault;
				INFOPLIST_KEY_UISupportedInterfaceOrientations_iPad = "UIInterfaceOrientationPortrait UIInterfaceOrientationPortraitUpsideDown UIInterfaceOrientationLandscapeLeft UIInterfaceOrientationLandscapeRight";
				INFOPLIST_KEY_UISupportedInterfaceOrientations_iPhone = "UIInterfaceOrientationPortrait UIInterfaceOrientationLandscapeLeft UIInterfaceOrientationLandscapeRight";
				IPHONEOS_DEPLOYMENT_TARGET = 17.5;
				LD_RUNPATH_SEARCH_PATHS = "@executable_path/Frameworks";
				"LD_RUNPATH_SEARCH_PATHS[sdk=macosx*]" = "@executable_path/../Frameworks";
				MACOSX_DEPLOYMENT_TARGET = 14.4;
				MARKETING_VERSION = 1.0;
				PRODUCT_BUNDLE_IDENTIFIER = DimitarKolev.WeatherTask;
				PRODUCT_NAME = "$(TARGET_NAME)";
				SDKROOT = auto;
				SUPPORTED_PLATFORMS = "iphoneos iphonesimulator macosx";
				SWIFT_EMIT_LOC_STRINGS = YES;
				SWIFT_VERSION = 5.0;
				TARGETED_DEVICE_FAMILY = "1,2";
			};
			name = Release;
		};
		E64A94942C65E23000CB3718 /* Debug */ = {
			isa = XCBuildConfiguration;
			buildSettings = {
				ALWAYS_EMBED_SWIFT_STANDARD_LIBRARIES = YES;
				BUNDLE_LOADER = "$(TEST_HOST)";
				CODE_SIGN_STYLE = Automatic;
				CURRENT_PROJECT_VERSION = 1;
				DEVELOPMENT_TEAM = SC75G8SM9W;
				GENERATE_INFOPLIST_FILE = YES;
				IPHONEOS_DEPLOYMENT_TARGET = 17.5;
				MACOSX_DEPLOYMENT_TARGET = 14.4;
				MARKETING_VERSION = 1.0;
				PRODUCT_BUNDLE_IDENTIFIER = DimitarKolev.WeatherTaskTests;
				PRODUCT_NAME = "$(TARGET_NAME)";
				SDKROOT = auto;
				SUPPORTED_PLATFORMS = "iphoneos iphonesimulator macosx";
				SWIFT_EMIT_LOC_STRINGS = NO;
				SWIFT_VERSION = 5.0;
				TARGETED_DEVICE_FAMILY = "1,2";
				TEST_HOST = "$(BUILT_PRODUCTS_DIR)/WeatherTask.app/$(BUNDLE_EXECUTABLE_FOLDER_PATH)/WeatherTask";
			};
			name = Debug;
		};
		E64A94952C65E23000CB3718 /* Release */ = {
			isa = XCBuildConfiguration;
			buildSettings = {
				ALWAYS_EMBED_SWIFT_STANDARD_LIBRARIES = YES;
				BUNDLE_LOADER = "$(TEST_HOST)";
				CODE_SIGN_STYLE = Automatic;
				CURRENT_PROJECT_VERSION = 1;
				DEVELOPMENT_TEAM = SC75G8SM9W;
				GENERATE_INFOPLIST_FILE = YES;
				IPHONEOS_DEPLOYMENT_TARGET = 17.5;
				MACOSX_DEPLOYMENT_TARGET = 14.4;
				MARKETING_VERSION = 1.0;
				PRODUCT_BUNDLE_IDENTIFIER = DimitarKolev.WeatherTaskTests;
				PRODUCT_NAME = "$(TARGET_NAME)";
				SDKROOT = auto;
				SUPPORTED_PLATFORMS = "iphoneos iphonesimulator macosx";
				SWIFT_EMIT_LOC_STRINGS = NO;
				SWIFT_VERSION = 5.0;
				TARGETED_DEVICE_FAMILY = "1,2";
				TEST_HOST = "$(BUILT_PRODUCTS_DIR)/WeatherTask.app/$(BUNDLE_EXECUTABLE_FOLDER_PATH)/WeatherTask";
			};
			name = Release;
		};
		E64A94972C65E23000CB3718 /* Debug */ = {
			isa = XCBuildConfiguration;
			buildSettings = {
				ALWAYS_EMBED_SWIFT_STANDARD_LIBRARIES = YES;
				CODE_SIGN_STYLE = Automatic;
				CURRENT_PROJECT_VERSION = 1;
				DEVELOPMENT_TEAM = SC75G8SM9W;
				GENERATE_INFOPLIST_FILE = YES;
				IPHONEOS_DEPLOYMENT_TARGET = 17.5;
				MACOSX_DEPLOYMENT_TARGET = 14.4;
				MARKETING_VERSION = 1.0;
				PRODUCT_BUNDLE_IDENTIFIER = DimitarKolev.WeatherTaskUITests;
				PRODUCT_NAME = "$(TARGET_NAME)";
				SDKROOT = auto;
				SUPPORTED_PLATFORMS = "iphoneos iphonesimulator macosx";
				SWIFT_EMIT_LOC_STRINGS = NO;
				SWIFT_VERSION = 5.0;
				TARGETED_DEVICE_FAMILY = "1,2";
				TEST_TARGET_NAME = WeatherTask;
			};
			name = Debug;
		};
		E64A94982C65E23000CB3718 /* Release */ = {
			isa = XCBuildConfiguration;
			buildSettings = {
				ALWAYS_EMBED_SWIFT_STANDARD_LIBRARIES = YES;
				CODE_SIGN_STYLE = Automatic;
				CURRENT_PROJECT_VERSION = 1;
				DEVELOPMENT_TEAM = SC75G8SM9W;
				GENERATE_INFOPLIST_FILE = YES;
				IPHONEOS_DEPLOYMENT_TARGET = 17.5;
				MACOSX_DEPLOYMENT_TARGET = 14.4;
				MARKETING_VERSION = 1.0;
				PRODUCT_BUNDLE_IDENTIFIER = DimitarKolev.WeatherTaskUITests;
				PRODUCT_NAME = "$(TARGET_NAME)";
				SDKROOT = auto;
				SUPPORTED_PLATFORMS = "iphoneos iphonesimulator macosx";
				SWIFT_EMIT_LOC_STRINGS = NO;
				SWIFT_VERSION = 5.0;
				TARGETED_DEVICE_FAMILY = "1,2";
				TEST_TARGET_NAME = WeatherTask;
			};
			name = Release;
		};
/* End XCBuildConfiguration section */

/* Begin XCConfigurationList section */
		E64A94662C65E22E00CB3718 /* Build configuration list for PBXProject "WeatherTask" */ = {
			isa = XCConfigurationList;
			buildConfigurations = (
				E64A948E2C65E23000CB3718 /* Debug */,
				E64A948F2C65E23000CB3718 /* Release */,
			);
			defaultConfigurationIsVisible = 0;
			defaultConfigurationName = Release;
		};
		E64A94902C65E23000CB3718 /* Build configuration list for PBXNativeTarget "WeatherTask" */ = {
			isa = XCConfigurationList;
			buildConfigurations = (
				E64A94912C65E23000CB3718 /* Debug */,
				E64A94922C65E23000CB3718 /* Release */,
			);
			defaultConfigurationIsVisible = 0;
			defaultConfigurationName = Release;
		};
		E64A94932C65E23000CB3718 /* Build configuration list for PBXNativeTarget "WeatherTaskTests" */ = {
			isa = XCConfigurationList;
			buildConfigurations = (
				E64A94942C65E23000CB3718 /* Debug */,
				E64A94952C65E23000CB3718 /* Release */,
			);
			defaultConfigurationIsVisible = 0;
			defaultConfigurationName = Release;
		};
		E64A94962C65E23000CB3718 /* Build configuration list for PBXNativeTarget "WeatherTaskUITests" */ = {
			isa = XCConfigurationList;
			buildConfigurations = (
				E64A94972C65E23000CB3718 /* Debug */,
				E64A94982C65E23000CB3718 /* Release */,
			);
			defaultConfigurationIsVisible = 0;
			defaultConfigurationName = Release;
		};
/* End XCConfigurationList section */
	};
	rootObject = E64A94632C65E22E00CB3718 /* Project object */;
}
